
Microsoft Visual Studio Solution File, Format Version 12.00
# Visual Studio Version 16
VisualStudioVersion = 16.0.29613.14
MinimumVisualStudioVersion = 10.0.40219.1
Project("{FAE04EC0-301F-11D3-BF4B-00C04F79EFBC}") = "GraniteHouse_sw2", "GraniteHouse_sw2\GraniteHouse_sw2.csproj", "{0A67298F-F658-466E-8E03-836335BE1937}"
EndProject
Global
	GlobalSection(SolutionConfigurationPlatforms) = preSolution
		Debug|Any CPU = Debug|Any CPU
		Release|Any CPU = Release|Any CPU
	EndGlobalSection
	GlobalSection(ProjectConfigurationPlatforms) = postSolution
		{0A67298F-F658-466E-8E03-836335BE1937}.Debug|Any CPU.ActiveCfg = Debug|Any CPU
		{0A67298F-F658-466E-8E03-836335BE1937}.Debug|Any CPU.Build.0 = Debug|Any CPU
		{0A67298F-F658-466E-8E03-836335BE1937}.Release|Any CPU.ActiveCfg = Release|Any CPU
		{0A67298F-F658-466E-8E03-836335BE1937}.Release|Any CPU.Build.0 = Release|Any CPU
	EndGlobalSection
	GlobalSection(SolutionProperties) = preSolution
		HideSolutionNode = FALSE
	EndGlobalSection
	GlobalSection(ExtensibilityGlobals) = postSolution
		SolutionGuid = {29542BA8-2E4D-4B5B-B44D-5720CC880C46}
	EndGlobalSection
EndGlobal
